
Microsoft Visual Studio Solution File, Format Version 12.00
# Visual Studio Version 16
VisualStudioVersion = 16.0.31613.86
MinimumVisualStudioVersion = 10.0.40219.1
Project("{FAE04EC0-301F-11D3-BF4B-00C04F79EFBC}") = "PDF Viewer", "PDF Viewer\PDF Viewer.csproj", "{2F0FEB5C-3084-4232-9578-12910DC7D707}"
EndProject
Global
	GlobalSection(SolutionConfigurationPlatforms) = preSolution
		Debug|Any CPU = Debug|Any CPU
		Release|Any CPU = Release|Any CPU
	EndGlobalSection
	GlobalSection(ProjectConfigurationPlatforms) = postSolution
		{2F0FEB5C-3084-4232-9578-12910DC7D707}.Debug|Any CPU.ActiveCfg = Debug|Any CPU
		{2F0FEB5C-3084-4232-9578-12910DC7D707}.Debug|Any CPU.Build.0 = Debug|Any CPU
		{2F0FEB5C-3084-4232-9578-12910DC7D707}.Release|Any CPU.ActiveCfg = Release|Any CPU
		{2F0FEB5C-3084-4232-9578-12910DC7D707}.Release|Any CPU.Build.0 = Release|Any CPU
	EndGlobalSection
	GlobalSection(SolutionProperties) = preSolution
		HideSolutionNode = FALSE
	EndGlobalSection
	GlobalSection(ExtensibilityGlobals) = postSolution
		SolutionGuid = {4168B692-FEEE-481A-ACBE-E0E1972047C9}
	EndGlobalSection
EndGlobal
